// !$*UTF8*$!
{
	archiveVersion = 1;
	classes = {
	};
	objectVersion = 56;
	objects = {

/* Begin PBXBuildFile section */
		BE4D77922C4D5B1900FD5EEA /* AppDelegate.swift in Sources */ = {isa = PBXBuildFile; fileRef = BE4D77912C4D5B1900FD5EEA /* AppDelegate.swift */; };
		BE4D77942C4D5B1900FD5EEA /* SceneDelegate.swift in Sources */ = {isa = PBXBuildFile; fileRef = BE4D77932C4D5B1900FD5EEA /* SceneDelegate.swift */; };
		BE4D77962C4D5B1900FD5EEA /* ViewController.swift in Sources */ = {isa = PBXBuildFile; fileRef = BE4D77952C4D5B1900FD5EEA /* ViewController.swift */; };
		BE4D77992C4D5B1900FD5EEA /* Base in Resources */ = {isa = PBXBuildFile; fileRef = BE4D77982C4D5B1900FD5EEA /* Base */; };
		BE4D779B2C4D5B1C00FD5EEA /* Assets.xcassets in Resources */ = {isa = PBXBuildFile; fileRef = BE4D779A2C4D5B1C00FD5EEA /* Assets.xcassets */; };
		BE4D779E2C4D5B1C00FD5EEA /* Base in Resources */ = {isa = PBXBuildFile; fileRef = BE4D779D2C4D5B1C00FD5EEA /* Base */; };
		BE4D77A92C4D5B1C00FD5EEA /* _41Tests.swift in Sources */ = {isa = PBXBuildFile; fileRef = BE4D77A82C4D5B1C00FD5EEA /* _41Tests.swift */; };
		BE4D77B32C4D5B1C00FD5EEA /* _41UITests.swift in Sources */ = {isa = PBXBuildFile; fileRef = BE4D77B22C4D5B1C00FD5EEA /* _41UITests.swift */; };
		BE4D77B52C4D5B1C00FD5EEA /* _41UITestsLaunchTests.swift in Sources */ = {isa = PBXBuildFile; fileRef = BE4D77B42C4D5B1C00FD5EEA /* _41UITestsLaunchTests.swift */; };
		BE4D77C22C4D5B3400FD5EEA /* ChatGPTManager.swift in Sources */ = {isa = PBXBuildFile; fileRef = BE4D77C12C4D5B3400FD5EEA /* ChatGPTManager.swift */; };
		BE4D77C42C4D5B5F00FD5EEA /* DatabaseManager.swift in Sources */ = {isa = PBXBuildFile; fileRef = BE4D77C32C4D5B5F00FD5EEA /* DatabaseManager.swift */; };
		BE4D77C62C4D5BA500FD5EEA /* ContactView.swift in Sources */ = {isa = PBXBuildFile; fileRef = BE4D77C52C4D5BA500FD5EEA /* ContactView.swift */; };
		BE4D77C82C4D5BE700FD5EEA /* CreateContactView.swift in Sources */ = {isa = PBXBuildFile; fileRef = BE4D77C72C4D5BE700FD5EEA /* CreateContactView.swift */; };
		BE4D77CA2C4D5C3200FD5EEA /* EditContactView.swift in Sources */ = {isa = PBXBuildFile; fileRef = BE4D77C92C4D5C3200FD5EEA /* EditContactView.swift */; };
		BE4D77CC2C4D5C9000FD5EEA /* ContactDetailView.swift in Sources */ = {isa = PBXBuildFile; fileRef = BE4D77CB2C4D5C9000FD5EEA /* ContactDetailView.swift */; };
/* End PBXBuildFile section */

/* Begin PBXContainerItemProxy section */
		BE4D77A52C4D5B1C00FD5EEA /* PBXContainerItemProxy */ = {
			isa = PBXContainerItemProxy;
			containerPortal = BE4D77862C4D5B1900FD5EEA /* Project object */;
			proxyType = 1;
			remoteGlobalIDString = BE4D778D2C4D5B1900FD5EEA;
			remoteInfo = 441;
		};
		BE4D77AF2C4D5B1C00FD5EEA /* PBXContainerItemProxy */ = {
			isa = PBXContainerItemProxy;
			containerPortal = BE4D77862C4D5B1900FD5EEA /* Project object */;
			proxyType = 1;
			remoteGlobalIDString = BE4D778D2C4D5B1900FD5EEA;
			remoteInfo = 441;
		};
/* End PBXContainerItemProxy section */

/* Begin PBXFileReference section */
		BE4D778E2C4D5B1900FD5EEA /* 441.app */ = {isa = PBXFileReference; explicitFileType = wrapper.application; includeInIndex = 0; path = 441.app; sourceTree = BUILT_PRODUCTS_DIR; };
		BE4D77912C4D5B1900FD5EEA /* AppDelegate.swift */ = {isa = PBXFileReference; lastKnownFileType = sourcecode.swift; path = AppDelegate.swift; sourceTree = "<group>"; };
		BE4D77932C4D5B1900FD5EEA /* SceneDelegate.swift */ = {isa = PBXFileReference; lastKnownFileType = sourcecode.swift; path = SceneDelegate.swift; sourceTree = "<group>"; };
		BE4D77952C4D5B1900FD5EEA /* ViewController.swift */ = {isa = PBXFileReference; lastKnownFileType = sourcecode.swift; path = ViewController.swift; sourceTree = "<group>"; };
		BE4D77982C4D5B1900FD5EEA /* Base */ = {isa = PBXFileReference; lastKnownFileType = file.storyboard; name = Base; path = Base.lproj/Main.storyboard; sourceTree = "<group>"; };
		BE4D779A2C4D5B1C00FD5EEA /* Assets.xcassets */ = {isa = PBXFileReference; lastKnownFileType = folder.assetcatalog; path = Assets.xcassets; sourceTree = "<group>"; };
		BE4D779D2C4D5B1C00FD5EEA /* Base */ = {isa = PBXFileReference; lastKnownFileType = file.storyboard; name = Base; path = Base.lproj/LaunchScreen.storyboard; sourceTree = "<group>"; };
		BE4D779F2C4D5B1C00FD5EEA /* Info.plist */ = {isa = PBXFileReference; lastKnownFileType = text.plist.xml; path = Info.plist; sourceTree = "<group>"; };
		BE4D77A42C4D5B1C00FD5EEA /* 441Tests.xctest */ = {isa = PBXFileReference; explicitFileType = wrapper.cfbundle; includeInIndex = 0; path = 441Tests.xctest; sourceTree = BUILT_PRODUCTS_DIR; };
		BE4D77A82C4D5B1C00FD5EEA /* _41Tests.swift */ = {isa = PBXFileReference; lastKnownFileType = sourcecode.swift; path = _41Tests.swift; sourceTree = "<group>"; };
		BE4D77AE2C4D5B1C00FD5EEA /* 441UITests.xctest */ = {isa = PBXFileReference; explicitFileType = wrapper.cfbundle; includeInIndex = 0; path = 441UITests.xctest; sourceTree = BUILT_PRODUCTS_DIR; };
		BE4D77B22C4D5B1C00FD5EEA /* _41UITests.swift */ = {isa = PBXFileReference; lastKnownFileType = sourcecode.swift; path = _41UITests.swift; sourceTree = "<group>"; };
		BE4D77B42C4D5B1C00FD5EEA /* _41UITestsLaunchTests.swift */ = {isa = PBXFileReference; lastKnownFileType = sourcecode.swift; path = _41UITestsLaunchTests.swift; sourceTree = "<group>"; };
		BE4D77C12C4D5B3400FD5EEA /* ChatGPTManager.swift */ = {isa = PBXFileReference; lastKnownFileType = sourcecode.swift; path = ChatGPTManager.swift; sourceTree = "<group>"; };
		BE4D77C32C4D5B5F00FD5EEA /* DatabaseManager.swift */ = {isa = PBXFileReference; lastKnownFileType = sourcecode.swift; path = DatabaseManager.swift; sourceTree = "<group>"; };
		BE4D77C52C4D5BA500FD5EEA /* ContactView.swift */ = {isa = PBXFileReference; lastKnownFileType = sourcecode.swift; path = ContactView.swift; sourceTree = "<group>"; };
		BE4D77C72C4D5BE700FD5EEA /* CreateContactView.swift */ = {isa = PBXFileReference; lastKnownFileType = sourcecode.swift; path = CreateContactView.swift; sourceTree = "<group>"; };
		BE4D77C92C4D5C3200FD5EEA /* EditContactView.swift */ = {isa = PBXFileReference; lastKnownFileType = sourcecode.swift; path = EditContactView.swift; sourceTree = "<group>"; };
		BE4D77CB2C4D5C9000FD5EEA /* ContactDetailView.swift */ = {isa = PBXFileReference; lastKnownFileType = sourcecode.swift; path = ContactDetailView.swift; sourceTree = "<group>"; };
/* End PBXFileReference section */

/* Begin PBXFrameworksBuildPhase section */
		BE4D778B2C4D5B1900FD5EEA /* Frameworks */ = {
			isa = PBXFrameworksBuildPhase;
			buildActionMask = 2147483647;
			files = (
			);
			runOnlyForDeploymentPostprocessing = 0;
		};
		BE4D77A12C4D5B1C00FD5EEA /* Frameworks */ = {
			isa = PBXFrameworksBuildPhase;
			buildActionMask = 2147483647;
			files = (
			);
			runOnlyForDeploymentPostprocessing = 0;
		};
		BE4D77AB2C4D5B1C00FD5EEA /* Frameworks */ = {
			isa = PBXFrameworksBuildPhase;
			buildActionMask = 2147483647;
			files = (
			);
			runOnlyForDeploymentPostprocessing = 0;
		};
/* End PBXFrameworksBuildPhase section */

/* Begin PBXGroup section */
		BE4D77852C4D5B1900FD5EEA = {
			isa = PBXGroup;
			children = (
				BE4D77C12C4D5B3400FD5EEA /* ChatGPTManager.swift */,
				BE4D77CB2C4D5C9000FD5EEA /* ContactDetailView.swift */,
				BE4D77C32C4D5B5F00FD5EEA /* DatabaseManager.swift */,
				BE4D77C52C4D5BA500FD5EEA /* ContactView.swift */,
				BE4D77C72C4D5BE700FD5EEA /* CreateContactView.swift */,
				BE4D77C92C4D5C3200FD5EEA /* EditContactView.swift */,
				BE4D77902C4D5B1900FD5EEA /* 441 */,
				BE4D77A72C4D5B1C00FD5EEA /* 441Tests */,
				BE4D77B12C4D5B1C00FD5EEA /* 441UITests */,
				BE4D778F2C4D5B1900FD5EEA /* Products */,
			);
			sourceTree = "<group>";
		};
		BE4D778F2C4D5B1900FD5EEA /* Products */ = {
			isa = PBXGroup;
			children = (
				BE4D778E2C4D5B1900FD5EEA /* 441.app */,
				BE4D77A42C4D5B1C00FD5EEA /* 441Tests.xctest */,
				BE4D77AE2C4D5B1C00FD5EEA /* 441UITests.xctest */,
			);
			name = Products;
			sourceTree = "<group>";
		};
		BE4D77902C4D5B1900FD5EEA /* 441 */ = {
			isa = PBXGroup;
			children = (
				BE4D77912C4D5B1900FD5EEA /* AppDelegate.swift */,
				BE4D77932C4D5B1900FD5EEA /* SceneDelegate.swift */,
				BE4D77952C4D5B1900FD5EEA /* ViewController.swift */,
				BE4D77972C4D5B1900FD5EEA /* Main.storyboard */,
				BE4D779A2C4D5B1C00FD5EEA /* Assets.xcassets */,
				BE4D779C2C4D5B1C00FD5EEA /* LaunchScreen.storyboard */,
				BE4D779F2C4D5B1C00FD5EEA /* Info.plist */,
			);
			path = 441;
			sourceTree = "<group>";
		};
		BE4D77A72C4D5B1C00FD5EEA /* 441Tests */ = {
			isa = PBXGroup;
			children = (
				BE4D77A82C4D5B1C00FD5EEA /* _41Tests.swift */,
			);
			path = 441Tests;
			sourceTree = "<group>";
		};
		BE4D77B12C4D5B1C00FD5EEA /* 441UITests */ = {
			isa = PBXGroup;
			children = (
				BE4D77B22C4D5B1C00FD5EEA /* _41UITests.swift */,
				BE4D77B42C4D5B1C00FD5EEA /* _41UITestsLaunchTests.swift */,
			);
			path = 441UITests;
			sourceTree = "<group>";
		};
/* End PBXGroup section */

/* Begin PBXNativeTarget section */
		BE4D778D2C4D5B1900FD5EEA /* 441 */ = {
			isa = PBXNativeTarget;
			buildConfigurationList = BE4D77B82C4D5B1C00FD5EEA /* Build configuration list for PBXNativeTarget "441" */;
			buildPhases = (
				BE4D778A2C4D5B1900FD5EEA /* Sources */,
				BE4D778B2C4D5B1900FD5EEA /* Frameworks */,
				BE4D778C2C4D5B1900FD5EEA /* Resources */,
			);
			buildRules = (
			);
			dependencies = (
			);
			name = 441;
			productName = 441;
			productReference = BE4D778E2C4D5B1900FD5EEA /* 441.app */;
			productType = "com.apple.product-type.application";
		};
		BE4D77A32C4D5B1C00FD5EEA /* 441Tests */ = {
			isa = PBXNativeTarget;
			buildConfigurationList = BE4D77BB2C4D5B1C00FD5EEA /* Build configuration list for PBXNativeTarget "441Tests" */;
			buildPhases = (
				BE4D77A02C4D5B1C00FD5EEA /* Sources */,
				BE4D77A12C4D5B1C00FD5EEA /* Frameworks */,
				BE4D77A22C4D5B1C00FD5EEA /* Resources */,
			);
			buildRules = (
			);
			dependencies = (
				BE4D77A62C4D5B1C00FD5EEA /* PBXTargetDependency */,
			);
			name = 441Tests;
			productName = 441Tests;
			productReference = BE4D77A42C4D5B1C00FD5EEA /* 441Tests.xctest */;
			productType = "com.apple.product-type.bundle.unit-test";
		};
		BE4D77AD2C4D5B1C00FD5EEA /* 441UITests */ = {
			isa = PBXNativeTarget;
			buildConfigurationList = BE4D77BE2C4D5B1C00FD5EEA /* Build configuration list for PBXNativeTarget "441UITests" */;
			buildPhases = (
				BE4D77AA2C4D5B1C00FD5EEA /* Sources */,
				BE4D77AB2C4D5B1C00FD5EEA /* Frameworks */,
				BE4D77AC2C4D5B1C00FD5EEA /* Resources */,
			);
			buildRules = (
			);
			dependencies = (
				BE4D77B02C4D5B1C00FD5EEA /* PBXTargetDependency */,
			);
			name = 441UITests;
			productName = 441UITests;
			productReference = BE4D77AE2C4D5B1C00FD5EEA /* 441UITests.xctest */;
			productType = "com.apple.product-type.bundle.ui-testing";
		};
/* End PBXNativeTarget section */

/* Begin PBXProject section */
		BE4D77862C4D5B1900FD5EEA /* Project object */ = {
			isa = PBXProject;
			attributes = {
				BuildIndependentTargetsInParallel = 1;
				LastSwiftUpdateCheck = 1540;
				LastUpgradeCheck = 1540;
				TargetAttributes = {
					BE4D778D2C4D5B1900FD5EEA = {
						CreatedOnToolsVersion = 15.4;
					};
					BE4D77A32C4D5B1C00FD5EEA = {
						CreatedOnToolsVersion = 15.4;
						TestTargetID = BE4D778D2C4D5B1900FD5EEA;
					};
					BE4D77AD2C4D5B1C00FD5EEA = {
						CreatedOnToolsVersion = 15.4;
						TestTargetID = BE4D778D2C4D5B1900FD5EEA;
					};
				};
			};
			buildConfigurationList = BE4D77892C4D5B1900FD5EEA /* Build configuration list for PBXProject "441" */;
			compatibilityVersion = "Xcode 14.0";
			developmentRegion = en;
			hasScannedForEncodings = 0;
			knownRegions = (
				en,
				Base,
			);
			mainGroup = BE4D77852C4D5B1900FD5EEA;
			productRefGroup = BE4D778F2C4D5B1900FD5EEA /* Products */;
			projectDirPath = "";
			projectRoot = "";
			targets = (
				BE4D778D2C4D5B1900FD5EEA /* 441 */,
				BE4D77A32C4D5B1C00FD5EEA /* 441Tests */,
				BE4D77AD2C4D5B1C00FD5EEA /* 441UITests */,
			);
		};
/* End PBXProject section */

/* Begin PBXResourcesBuildPhase section */
		BE4D778C2C4D5B1900FD5EEA /* Resources */ = {
			isa = PBXResourcesBuildPhase;
			buildActionMask = 2147483647;
			files = (
				BE4D779B2C4D5B1C00FD5EEA /* Assets.xcassets in Resources */,
				BE4D779E2C4D5B1C00FD5EEA /* Base in Resources */,
				BE4D77992C4D5B1900FD5EEA /* Base in Resources */,
			);
			runOnlyForDeploymentPostprocessing = 0;
		};
		BE4D77A22C4D5B1C00FD5EEA /* Resources */ = {
			isa = PBXResourcesBuildPhase;
			buildActionMask = 2147483647;
			files = (
			);
			runOnlyForDeploymentPostprocessing = 0;
		};
		BE4D77AC2C4D5B1C00FD5EEA /* Resources */ = {
			isa = PBXResourcesBuildPhase;
			buildActionMask = 2147483647;
			files = (
			);
			runOnlyForDeploymentPostprocessing = 0;
		};
/* End PBXResourcesBuildPhase section */

/* Begin PBXSourcesBuildPhase section */
		BE4D778A2C4D5B1900FD5EEA /* Sources */ = {
			isa = PBXSourcesBuildPhase;
			buildActionMask = 2147483647;
			files = (
				BE4D77962C4D5B1900FD5EEA /* ViewController.swift in Sources */,
				BE4D77C62C4D5BA500FD5EEA /* ContactView.swift in Sources */,
				BE4D77C22C4D5B3400FD5EEA /* ChatGPTManager.swift in Sources */,
				BE4D77C82C4D5BE700FD5EEA /* CreateContactView.swift in Sources */,
				BE4D77C42C4D5B5F00FD5EEA /* DatabaseManager.swift in Sources */,
				BE4D77CA2C4D5C3200FD5EEA /* EditContactView.swift in Sources */,
				BE4D77CC2C4D5C9000FD5EEA /* ContactDetailView.swift in Sources */,
				BE4D77922C4D5B1900FD5EEA /* AppDelegate.swift in Sources */,
				BE4D77942C4D5B1900FD5EEA /* SceneDelegate.swift in Sources */,
			);
			runOnlyForDeploymentPostprocessing = 0;
		};
		BE4D77A02C4D5B1C00FD5EEA /* Sources */ = {
			isa = PBXSourcesBuildPhase;
			buildActionMask = 2147483647;
			files = (
				BE4D77A92C4D5B1C00FD5EEA /* _41Tests.swift in Sources */,
			);
			runOnlyForDeploymentPostprocessing = 0;
		};
		BE4D77AA2C4D5B1C00FD5EEA /* Sources */ = {
			isa = PBXSourcesBuildPhase;
			buildActionMask = 2147483647;
			files = (
				BE4D77B32C4D5B1C00FD5EEA /* _41UITests.swift in Sources */,
				BE4D77B52C4D5B1C00FD5EEA /* _41UITestsLaunchTests.swift in Sources */,
			);
			runOnlyForDeploymentPostprocessing = 0;
		};
/* End PBXSourcesBuildPhase section */

/* Begin PBXTargetDependency section */
		BE4D77A62C4D5B1C00FD5EEA /* PBXTargetDependency */ = {
			isa = PBXTargetDependency;
			target = BE4D778D2C4D5B1900FD5EEA /* 441 */;
			targetProxy = BE4D77A52C4D5B1C00FD5EEA /* PBXContainerItemProxy */;
		};
		BE4D77B02C4D5B1C00FD5EEA /* PBXTargetDependency */ = {
			isa = PBXTargetDependency;
			target = BE4D778D2C4D5B1900FD5EEA /* 441 */;
			targetProxy = BE4D77AF2C4D5B1C00FD5EEA /* PBXContainerItemProxy */;
		};
/* End PBXTargetDependency section */

/* Begin PBXVariantGroup section */
		BE4D77972C4D5B1900FD5EEA /* Main.storyboard */ = {
			isa = PBXVariantGroup;
			children = (
				BE4D77982C4D5B1900FD5EEA /* Base */,
			);
			name = Main.storyboard;
			sourceTree = "<group>";
		};
		BE4D779C2C4D5B1C00FD5EEA /* LaunchScreen.storyboard */ = {
			isa = PBXVariantGroup;
			children = (
				BE4D779D2C4D5B1C00FD5EEA /* Base */,
			);
			name = LaunchScreen.storyboard;
			sourceTree = "<group>";
		};
/* End PBXVariantGroup section */

/* Begin XCBuildConfiguration section */
		BE4D77B62C4D5B1C00FD5EEA /* Debug */ = {
			isa = XCBuildConfiguration;
			buildSettings = {
				ALWAYS_SEARCH_USER_PATHS = NO;
				ASSETCATALOG_COMPILER_GENERATE_SWIFT_ASSET_SYMBOL_EXTENSIONS = YES;
				CLANG_ANALYZER_NONNULL = YES;
				CLANG_ANALYZER_NUMBER_OBJECT_CONVERSION = YES_AGGRESSIVE;
				CLANG_CXX_LANGUAGE_STANDARD = "gnu++20";
				CLANG_ENABLE_MODULES = YES;
				CLANG_ENABLE_OBJC_ARC = YES;
				CLANG_ENABLE_OBJC_WEAK = YES;
				CLANG_WARN_BLOCK_CAPTURE_AUTORELEASING = YES;
				CLANG_WARN_BOOL_CONVERSION = YES;
				CLANG_WARN_COMMA = YES;
				CLANG_WARN_CONSTANT_CONVERSION = YES;
				CLANG_WARN_DEPRECATED_OBJC_IMPLEMENTATIONS = YES;
				CLANG_WARN_DIRECT_OBJC_ISA_USAGE = YES_ERROR;
				CLANG_WARN_DOCUMENTATION_COMMENTS = YES;
				CLANG_WARN_EMPTY_BODY = YES;
				CLANG_WARN_ENUM_CONVERSION = YES;
				CLANG_WARN_INFINITE_RECURSION = YES;
				CLANG_WARN_INT_CONVERSION = YES;
				CLANG_WARN_NON_LITERAL_NULL_CONVERSION = YES;
				CLANG_WARN_OBJC_IMPLICIT_RETAIN_SELF = YES;
				CLANG_WARN_OBJC_LITERAL_CONVERSION = YES;
				CLANG_WARN_OBJC_ROOT_CLASS = YES_ERROR;
				CLANG_WARN_QUOTED_INCLUDE_IN_FRAMEWORK_HEADER = YES;
				CLANG_WARN_RANGE_LOOP_ANALYSIS = YES;
				CLANG_WARN_STRICT_PROTOTYPES = YES;
				CLANG_WARN_SUSPICIOUS_MOVE = YES;
				CLANG_WARN_UNGUARDED_AVAILABILITY = YES_AGGRESSIVE;
				CLANG_WARN_UNREACHABLE_CODE = YES;
				CLANG_WARN__DUPLICATE_METHOD_MATCH = YES;
				COPY_PHASE_STRIP = NO;
				DEBUG_INFORMATION_FORMAT = dwarf;
				ENABLE_STRICT_OBJC_MSGSEND = YES;
				ENABLE_TESTABILITY = YES;
				ENABLE_USER_SCRIPT_SANDBOXING = YES;
				GCC_C_LANGUAGE_STANDARD = gnu17;
				GCC_DYNAMIC_NO_PIC = NO;
				GCC_NO_COMMON_BLOCKS = YES;
				GCC_OPTIMIZATION_LEVEL = 0;
				GCC_PREPROCESSOR_DEFINITIONS = (
					"DEBUG=1",
					"$(inherited)",
				);
				GCC_WARN_64_TO_32_BIT_CONVERSION = YES;
				GCC_WARN_ABOUT_RETURN_TYPE = YES_ERROR;
				GCC_WARN_UNDECLARED_SELECTOR = YES;
				GCC_WARN_UNINITIALIZED_AUTOS = YES_AGGRESSIVE;
				GCC_WARN_UNUSED_FUNCTION = YES;
				GCC_WARN_UNUSED_VARIABLE = YES;
				IPHONEOS_DEPLOYMENT_TARGET = 17.5;
				LOCALIZATION_PREFERS_STRING_CATALOGS = YES;
				MTL_ENABLE_DEBUG_INFO = INCLUDE_SOURCE;
				MTL_FAST_MATH = YES;
				ONLY_ACTIVE_ARCH = YES;
				SDKROOT = iphoneos;
				SWIFT_ACTIVE_COMPILATION_CONDITIONS = "DEBUG $(inherited)";
				SWIFT_OPTIMIZATION_LEVEL = "-Onone";
			};
			name = Debug;
		};
		BE4D77B72C4D5B1C00FD5EEA /* Release */ = {
			isa = XCBuildConfiguration;
			buildSettings = {
				ALWAYS_SEARCH_USER_PATHS = NO;
				ASSETCATALOG_COMPILER_GENERATE_SWIFT_ASSET_SYMBOL_EXTENSIONS = YES;
				CLANG_ANALYZER_NONNULL = YES;
				CLANG_ANALYZER_NUMBER_OBJECT_CONVERSION = YES_AGGRESSIVE;
				CLANG_CXX_LANGUAGE_STANDARD = "gnu++20";
				CLANG_ENABLE_MODULES = YES;
				CLANG_ENABLE_OBJC_ARC = YES;
				CLANG_ENABLE_OBJC_WEAK = YES;
				CLANG_WARN_BLOCK_CAPTURE_AUTORELEASING = YES;
				CLANG_WARN_BOOL_CONVERSION = YES;
				CLANG_WARN_COMMA = YES;
				CLANG_WARN_CONSTANT_CONVERSION = YES;
				CLANG_WARN_DEPRECATED_OBJC_IMPLEMENTATIONS = YES;
				CLANG_WARN_DIRECT_OBJC_ISA_USAGE = YES_ERROR;
				CLANG_WARN_DOCUMENTATION_COMMENTS = YES;
				CLANG_WARN_EMPTY_BODY = YES;
				CLANG_WARN_ENUM_CONVERSION = YES;
				CLANG_WARN_INFINITE_RECURSION = YES;
				CLANG_WARN_INT_CONVERSION = YES;
				CLANG_WARN_NON_LITERAL_NULL_CONVERSION = YES;
				CLANG_WARN_OBJC_IMPLICIT_RETAIN_SELF = YES;
				CLANG_WARN_OBJC_LITERAL_CONVERSION = YES;
				CLANG_WARN_OBJC_ROOT_CLASS = YES_ERROR;
				CLANG_WARN_QUOTED_INCLUDE_IN_FRAMEWORK_HEADER = YES;
				CLANG_WARN_RANGE_LOOP_ANALYSIS = YES;
				CLANG_WARN_STRICT_PROTOTYPES = YES;
				CLANG_WARN_SUSPICIOUS_MOVE = YES;
				CLANG_WARN_UNGUARDED_AVAILABILITY = YES_AGGRESSIVE;
				CLANG_WARN_UNREACHABLE_CODE = YES;
				CLANG_WARN__DUPLICATE_METHOD_MATCH = YES;
				COPY_PHASE_STRIP = NO;
				DEBUG_INFORMATION_FORMAT = "dwarf-with-dsym";
				ENABLE_NS_ASSERTIONS = NO;
				ENABLE_STRICT_OBJC_MSGSEND = YES;
				ENABLE_USER_SCRIPT_SANDBOXING = YES;
				GCC_C_LANGUAGE_STANDARD = gnu17;
				GCC_NO_COMMON_BLOCKS = YES;
				GCC_WARN_64_TO_32_BIT_CONVERSION = YES;
				GCC_WARN_ABOUT_RETURN_TYPE = YES_ERROR;
				GCC_WARN_UNDECLARED_SELECTOR = YES;
				GCC_WARN_UNINITIALIZED_AUTOS = YES_AGGRESSIVE;
				GCC_WARN_UNUSED_FUNCTION = YES;
				GCC_WARN_UNUSED_VARIABLE = YES;
				IPHONEOS_DEPLOYMENT_TARGET = 17.5;
				LOCALIZATION_PREFERS_STRING_CATALOGS = YES;
				MTL_ENABLE_DEBUG_INFO = NO;
				MTL_FAST_MATH = YES;
				SDKROOT = iphoneos;
				SWIFT_COMPILATION_MODE = wholemodule;
				VALIDATE_PRODUCT = YES;
			};
			name = Release;
		};
		BE4D77B92C4D5B1C00FD5EEA /* Debug */ = {
			isa = XCBuildConfiguration;
			buildSettings = {
				ASSETCATALOG_COMPILER_APPICON_NAME = AppIcon;
				ASSETCATALOG_COMPILER_GLOBAL_ACCENT_COLOR_NAME = AccentColor;
				CODE_SIGN_STYLE = Automatic;
				CURRENT_PROJECT_VERSION = 1;
				GENERATE_INFOPLIST_FILE = YES;
				INFOPLIST_FILE = 441/Info.plist;
				INFOPLIST_KEY_UIApplicationSupportsIndirectInputEvents = YES;
				INFOPLIST_KEY_UILaunchStoryboardName = LaunchScreen;
				INFOPLIST_KEY_UIMainStoryboardFile = Main;
				INFOPLIST_KEY_UISupportedInterfaceOrientations_iPad = "UIInterfaceOrientationPortrait UIInterfaceOrientationPortraitUpsideDown UIInterfaceOrientationLandscapeLeft UIInterfaceOrientationLandscapeRight";
				INFOPLIST_KEY_UISupportedInterfaceOrientations_iPhone = "UIInterfaceOrientationPortrait UIInterfaceOrientationLandscapeLeft UIInterfaceOrientationLandscapeRight";
				LD_RUNPATH_SEARCH_PATHS = (
					"$(inherited)",
					"@executable_path/Frameworks",
				);
				MARKETING_VERSION = 1.0;
				PRODUCT_BUNDLE_IDENTIFIER = "cn.edu.sjtu.happysalt.-41";
				PRODUCT_NAME = "$(TARGET_NAME)";
				SWIFT_EMIT_LOC_STRINGS = YES;
				SWIFT_VERSION = 5.0;
				TARGETED_DEVICE_FAMILY = "1,2";
			};
			name = Debug;
		};
		BE4D77BA2C4D5B1C00FD5EEA /* Release */ = {
			isa = XCBuildConfiguration;
			buildSettings = {
				ASSETCATALOG_COMPILER_APPICON_NAME = AppIcon;
				ASSETCATALOG_COMPILER_GLOBAL_ACCENT_COLOR_NAME = AccentColor;
				CODE_SIGN_STYLE = Automatic;
				CURRENT_PROJECT_VERSION = 1;
				GENERATE_INFOPLIST_FILE = YES;
				INFOPLIST_FILE = 441/Info.plist;
				INFOPLIST_KEY_UIApplicationSupportsIndirectInputEvents = YES;
				INFOPLIST_KEY_UILaunchStoryboardName = LaunchScreen;
				INFOPLIST_KEY_UIMainStoryboardFile = Main;
				INFOPLIST_KEY_UISupportedInterfaceOrientations_iPad = "UIInterfaceOrientationPortrait UIInterfaceOrientationPortraitUpsideDown UIInterfaceOrientationLandscapeLeft UIInterfaceOrientationLandscapeRight";
				INFOPLIST_KEY_UISupportedInterfaceOrientations_iPhone = "UIInterfaceOrientationPortrait UIInterfaceOrientationLandscapeLeft UIInterfaceOrientationLandscapeRight";
				LD_RUNPATH_SEARCH_PATHS = (
					"$(inherited)",
					"@executable_path/Frameworks",
				);
				MARKETING_VERSION = 1.0;
				PRODUCT_BUNDLE_IDENTIFIER = "cn.edu.sjtu.happysalt.-41";
				PRODUCT_NAME = "$(TARGET_NAME)";
				SWIFT_EMIT_LOC_STRINGS = YES;
				SWIFT_VERSION = 5.0;
				TARGETED_DEVICE_FAMILY = "1,2";
			};
			name = Release;
		};
		BE4D77BC2C4D5B1C00FD5EEA /* Debug */ = {
			isa = XCBuildConfiguration;
			buildSettings = {
				ALWAYS_EMBED_SWIFT_STANDARD_LIBRARIES = YES;
				BUNDLE_LOADER = "$(TEST_HOST)";
				CODE_SIGN_STYLE = Automatic;
				CURRENT_PROJECT_VERSION = 1;
				GENERATE_INFOPLIST_FILE = YES;
				IPHONEOS_DEPLOYMENT_TARGET = 17.5;
				MARKETING_VERSION = 1.0;
				PRODUCT_BUNDLE_IDENTIFIER = "cn.edu.sjtu.happysalt.-41Tests";
				PRODUCT_NAME = "$(TARGET_NAME)";
				SWIFT_EMIT_LOC_STRINGS = NO;
				SWIFT_VERSION = 5.0;
				TARGETED_DEVICE_FAMILY = "1,2";
				TEST_HOST = "$(BUILT_PRODUCTS_DIR)/441.app/$(BUNDLE_EXECUTABLE_FOLDER_PATH)/441";
			};
			name = Debug;
		};
		BE4D77BD2C4D5B1C00FD5EEA /* Release */ = {
			isa = XCBuildConfiguration;
			buildSettings = {
				ALWAYS_EMBED_SWIFT_STANDARD_LIBRARIES = YES;
				BUNDLE_LOADER = "$(TEST_HOST)";
				CODE_SIGN_STYLE = Automatic;
				CURRENT_PROJECT_VERSION = 1;
				GENERATE_INFOPLIST_FILE = YES;
				IPHONEOS_DEPLOYMENT_TARGET = 17.5;
				MARKETING_VERSION = 1.0;
				PRODUCT_BUNDLE_IDENTIFIER = "cn.edu.sjtu.happysalt.-41Tests";
				PRODUCT_NAME = "$(TARGET_NAME)";
				SWIFT_EMIT_LOC_STRINGS = NO;
				SWIFT_VERSION = 5.0;
				TARGETED_DEVICE_FAMILY = "1,2";
				TEST_HOST = "$(BUILT_PRODUCTS_DIR)/441.app/$(BUNDLE_EXECUTABLE_FOLDER_PATH)/441";
			};
			name = Release;
		};
		BE4D77BF2C4D5B1C00FD5EEA /* Debug */ = {
			isa = XCBuildConfiguration;
			buildSettings = {
				ALWAYS_EMBED_SWIFT_STANDARD_LIBRARIES = YES;
				CODE_SIGN_STYLE = Automatic;
				CURRENT_PROJECT_VERSION = 1;
				GENERATE_INFOPLIST_FILE = YES;
				MARKETING_VERSION = 1.0;
				PRODUCT_BUNDLE_IDENTIFIER = "cn.edu.sjtu.happysalt.-41UITests";
				PRODUCT_NAME = "$(TARGET_NAME)";
				SWIFT_EMIT_LOC_STRINGS = NO;
				SWIFT_VERSION = 5.0;
				TARGETED_DEVICE_FAMILY = "1,2";
				TEST_TARGET_NAME = 441;
			};
			name = Debug;
		};
		BE4D77C02C4D5B1C00FD5EEA /* Release */ = {
			isa = XCBuildConfiguration;
			buildSettings = {
				ALWAYS_EMBED_SWIFT_STANDARD_LIBRARIES = YES;
				CODE_SIGN_STYLE = Automatic;
				CURRENT_PROJECT_VERSION = 1;
				GENERATE_INFOPLIST_FILE = YES;
				MARKETING_VERSION = 1.0;
				PRODUCT_BUNDLE_IDENTIFIER = "cn.edu.sjtu.happysalt.-41UITests";
				PRODUCT_NAME = "$(TARGET_NAME)";
				SWIFT_EMIT_LOC_STRINGS = NO;
				SWIFT_VERSION = 5.0;
				TARGETED_DEVICE_FAMILY = "1,2";
				TEST_TARGET_NAME = 441;
			};
			name = Release;
		};
/* End XCBuildConfiguration section */

/* Begin XCConfigurationList section */
		BE4D77892C4D5B1900FD5EEA /* Build configuration list for PBXProject "441" */ = {
			isa = XCConfigurationList;
			buildConfigurations = (
				BE4D77B62C4D5B1C00FD5EEA /* Debug */,
				BE4D77B72C4D5B1C00FD5EEA /* Release */,
			);
			defaultConfigurationIsVisible = 0;
			defaultConfigurationName = Release;
		};
		BE4D77B82C4D5B1C00FD5EEA /* Build configuration list for PBXNativeTarget "441" */ = {
			isa = XCConfigurationList;
			buildConfigurations = (
				BE4D77B92C4D5B1C00FD5EEA /* Debug */,
				BE4D77BA2C4D5B1C00FD5EEA /* Release */,
			);
			defaultConfigurationIsVisible = 0;
			defaultConfigurationName = Release;
		};
		BE4D77BB2C4D5B1C00FD5EEA /* Build configuration list for PBXNativeTarget "441Tests" */ = {
			isa = XCConfigurationList;
			buildConfigurations = (
				BE4D77BC2C4D5B1C00FD5EEA /* Debug */,
				BE4D77BD2C4D5B1C00FD5EEA /* Release */,
			);
			defaultConfigurationIsVisible = 0;
			defaultConfigurationName = Release;
		};
		BE4D77BE2C4D5B1C00FD5EEA /* Build configuration list for PBXNativeTarget "441UITests" */ = {
			isa = XCConfigurationList;
			buildConfigurations = (
				BE4D77BF2C4D5B1C00FD5EEA /* Debug */,
				BE4D77C02C4D5B1C00FD5EEA /* Release */,
			);
			defaultConfigurationIsVisible = 0;
			defaultConfigurationName = Release;
		};
/* End XCConfigurationList section */
	};
	rootObject = BE4D77862C4D5B1900FD5EEA /* Project object */;
}
